
Microsoft Visual Studio Solution File, Format Version 12.00
# Visual Studio 2012
Project("{FAE04EC0-301F-11D3-BF4B-00C04F79EFBC}") = "SmartSys", "SmartSys\SmartSys.csproj", "{17CAE89E-1A6B-47C6-BC3A-8F0156634F91}"
EndProject
Project("{FAE04EC0-301F-11D3-BF4B-00C04F79EFBC}") = "SmartSys.MDL", "SmartSys.MDL\SmartSys.MDL.csproj", "{7A118AF1-F546-47DB-95CA-6A5D564FD914}"
EndProject
Project("{FAE04EC0-301F-11D3-BF4B-00C04F79EFBC}") = "SmartSys.DAL", "SmartSys.DAL\SmartSys.DAL.csproj", "{5D47719A-D868-4B75-BAA7-9C7AE83ECDA4}"
EndProject
Global
	GlobalSection(SolutionConfigurationPlatforms) = preSolution
		Debug|Any CPU = Debug|Any CPU
		Release|Any CPU = Release|Any CPU
	EndGlobalSection
	GlobalSection(ProjectConfigurationPlatforms) = postSolution
		{17CAE89E-1A6B-47C6-BC3A-8F0156634F91}.Debug|Any CPU.ActiveCfg = Debug|Any CPU
		{17CAE89E-1A6B-47C6-BC3A-8F0156634F91}.Debug|Any CPU.Build.0 = Debug|Any CPU
		{17CAE89E-1A6B-47C6-BC3A-8F0156634F91}.Release|Any CPU.ActiveCfg = Release|Any CPU
		{17CAE89E-1A6B-47C6-BC3A-8F0156634F91}.Release|Any CPU.Build.0 = Release|Any CPU
		{7A118AF1-F546-47DB-95CA-6A5D564FD914}.Debug|Any CPU.ActiveCfg = Debug|Any CPU
		{7A118AF1-F546-47DB-95CA-6A5D564FD914}.Debug|Any CPU.Build.0 = Debug|Any CPU
		{7A118AF1-F546-47DB-95CA-6A5D564FD914}.Release|Any CPU.ActiveCfg = Release|Any CPU
		{7A118AF1-F546-47DB-95CA-6A5D564FD914}.Release|Any CPU.Build.0 = Release|Any CPU
		{5D47719A-D868-4B75-BAA7-9C7AE83ECDA4}.Debug|Any CPU.ActiveCfg = Debug|Any CPU
		{5D47719A-D868-4B75-BAA7-9C7AE83ECDA4}.Debug|Any CPU.Build.0 = Debug|Any CPU
		{5D47719A-D868-4B75-BAA7-9C7AE83ECDA4}.Release|Any CPU.ActiveCfg = Release|Any CPU
		{5D47719A-D868-4B75-BAA7-9C7AE83ECDA4}.Release|Any CPU.Build.0 = Release|Any CPU
	EndGlobalSection
	GlobalSection(SolutionProperties) = preSolution
		HideSolutionNode = FALSE
	EndGlobalSection
EndGlobal
